
Microsoft Visual Studio Solution File, Format Version 12.00
# Visual Studio Version 17
VisualStudioVersion = 17.8.34601.278
MinimumVisualStudioVersion = 10.0.40219.1
Project("{FAE04EC0-301F-11D3-BF4B-00C04F79EFBC}") = "WebApplication1", "WebApplication1.csproj", "{D1399AC1-1EA0-4327-AB0B-F491A6E16DFC}"
EndProject
Global
	GlobalSection(SolutionConfigurationPlatforms) = preSolution
		Debug|Any CPU = Debug|Any CPU
		Release|Any CPU = Release|Any CPU
	EndGlobalSection
	GlobalSection(ProjectConfigurationPlatforms) = postSolution
		{D1399AC1-1EA0-4327-AB0B-F491A6E16DFC}.Debug|Any CPU.ActiveCfg = Debug|Any CPU
		{D1399AC1-1EA0-4327-AB0B-F491A6E16DFC}.Debug|Any CPU.Build.0 = Debug|Any CPU
		{D1399AC1-1EA0-4327-AB0B-F491A6E16DFC}.Release|Any CPU.ActiveCfg = Release|Any CPU
		{D1399AC1-1EA0-4327-AB0B-F491A6E16DFC}.Release|Any CPU.Build.0 = Release|Any CPU
	EndGlobalSection
	GlobalSection(SolutionProperties) = preSolution
		HideSolutionNode = FALSE
	EndGlobalSection
	GlobalSection(ExtensibilityGlobals) = postSolution
		SolutionGuid = {449BC8DC-9B7A-484C-A0C5-A3B800C33CEB}
	EndGlobalSection
EndGlobal
